# THIS IS AN AUTOGENERATED FILE. DO NOT EDIT THIS FILE DIRECTLY.
# yarn lockfile v1


amplifyjs@^1.1.2-beta.2:
  version "1.1.2-beta.2"
  resolved "https://registry.yarnpkg.com/amplifyjs/-/amplifyjs-1.1.2-beta.2.tgz#9b71a9d7f04afe6012f6a2bfc003fab3ea905f77"

bootstrap@3.3.7:
  version "3.3.7"
  resolved "https://registry.yarnpkg.com/bootstrap/-/bootstrap-3.3.7.tgz#5a389394549f23330875a3b150656574f8a9eb71"

font-awesome@^4.7.0:
  version "4.7.0"
  resolved "https://registry.yarnpkg.com/font-awesome/-/font-awesome-4.7.0.tgz#8fa8cf0411a1a31afd07b06d2902bb9fc815a133"

jquery-mousewheel@>=3.0.6:
  version "3.1.13"
  resolved "https://registry.yarnpkg.com/jquery-mousewheel/-/jquery-mousewheel-3.1.13.tgz#06f0335f16e353a695e7206bf50503cb523a6ee5"

jquery-ui-dist@^1.12.1:
  version "1.12.1"
  resolved "https://registry.yarnpkg.com/jquery-ui-dist/-/jquery-ui-dist-1.12.1.tgz#5c0815d3cc6f90ff5faaf5b268a6e23b4ca904fa"

jquery@^3.2.1:
  version "3.3.1"
  resolved "https://registry.yarnpkg.com/jquery/-/jquery-3.3.1.tgz#958ce29e81c9790f31be7792df5d4d95fc57fbca"

jspanel4@^4.0.0-beta.3:
  version "4.0.0-beta.3"
  resolved "https://registry.yarnpkg.com/jspanel4/-/jspanel4-4.0.0-beta.3.tgz#fbf666605f8359f6625675c6d4dcee32e08f4d3a"

lobipanel@^1.0.0:
  version "1.0.0"
  resolved "https://registry.yarnpkg.com/lobipanel/-/lobipanel-1.0.0.tgz#70e5cc2ee9c967a9af6c115d5bb0690a113526d2"

malihu-custom-scrollbar-plugin@^3.1.5:
  version "3.1.5"
  resolved "https://registry.yarnpkg.com/malihu-custom-scrollbar-plugin/-/malihu-custom-scrollbar-plugin-3.1.5.tgz#310cecc5e59415a1c29e9dfb5d2b6e01d66a29ef"
  dependencies:
    jquery-mousewheel ">=3.0.6"

moment@^2.21.0:
  version "2.21.0"
  resolved "https://registry.yarnpkg.com/moment/-/moment-2.21.0.tgz#2a114b51d2a6ec9e6d83cf803f838a878d8a023a"

sweetalert2@^7.15.1:
  version "7.15.1"
  resolved "https://registry.yarnpkg.com/sweetalert2/-/sweetalert2-7.15.1.tgz#edd9bd4d5501b22e18755686a343c7afe3e9adb2"
